// !$*UTF8*$!
{
	archiveVersion = 1;
	classes = {
	};
	objectVersion = 51;
	objects = {

/* Begin PBXBuildFile section */
		7DC2B5A78F6A5743ACD47C85 /* Pods_WeatherApp.framework in Frameworks */ = {isa = PBXBuildFile; fileRef = 0802D5E1429BFD5A7F64B717 /* Pods_WeatherApp.framework */; };
		9809555A23F6FC9F0045DB94 /* ForecastWeather.swift in Sources */ = {isa = PBXBuildFile; fileRef = 9809555923F6FC9F0045DB94 /* ForecastWeather.swift */; };
		980D061D23EC116100F3F1B7 /* NavigationService.swift in Sources */ = {isa = PBXBuildFile; fileRef = 980D061C23EC116100F3F1B7 /* NavigationService.swift */; };
		9819461C23FC27C300BACC4B /* CustomDateAndTime.swift in Sources */ = {isa = PBXBuildFile; fileRef = 9819461B23FC27C300BACC4B /* CustomDateAndTime.swift */; };
		9819461E23FD2A8F00BACC4B /* Array+Extension.swift in Sources */ = {isa = PBXBuildFile; fileRef = 9819461D23FD2A8F00BACC4B /* Array+Extension.swift */; };
		9819462023FD2EE500BACC4B /* AppStrings.swift in Sources */ = {isa = PBXBuildFile; fileRef = 9819461F23FD2EE500BACC4B /* AppStrings.swift */; };
		981A6A64240EA83500A2C9E5 /* WeatherViewModel.swift in Sources */ = {isa = PBXBuildFile; fileRef = 981A6A63240EA83500A2C9E5 /* WeatherViewModel.swift */; };
		981A6A66240FAC6900A2C9E5 /* SectionOfWeather.swift in Sources */ = {isa = PBXBuildFile; fileRef = 981A6A65240FAC6900A2C9E5 /* SectionOfWeather.swift */; };
		981A6A682411402100A2C9E5 /* WeatherViewController+Design.swift in Sources */ = {isa = PBXBuildFile; fileRef = 981A6A672411402100A2C9E5 /* WeatherViewController+Design.swift */; };
		981A6A6A2411503400A2C9E5 /* WeatherCustomCell+Design.swift in Sources */ = {isa = PBXBuildFile; fileRef = 981A6A692411503400A2C9E5 /* WeatherCustomCell+Design.swift */; };
		981A6A6C24123FA800A2C9E5 /* UIView+Layout.swift in Sources */ = {isa = PBXBuildFile; fileRef = 981A6A6B24123FA800A2C9E5 /* UIView+Layout.swift */; };
		981A6A6E2412449F00A2C9E5 /* UITableView+ReusableCell.swift in Sources */ = {isa = PBXBuildFile; fileRef = 981A6A6D2412449F00A2C9E5 /* UITableView+ReusableCell.swift */; };
		981A6A712417891000A2C9E5 /* DetailsWeatherViewController+Design.swift in Sources */ = {isa = PBXBuildFile; fileRef = 981A6A702417891000A2C9E5 /* DetailsWeatherViewController+Design.swift */; };
		9855557123E97CCD00E51BE8 /* CurrentWeatherAPI.swift in Sources */ = {isa = PBXBuildFile; fileRef = 9855557023E97CCD00E51BE8 /* CurrentWeatherAPI.swift */; };
		9855557323E9981400E51BE8 /* CurrentWeather.swift in Sources */ = {isa = PBXBuildFile; fileRef = 9855557223E9981400E51BE8 /* CurrentWeather.swift */; };
		9855557523E9C21F00E51BE8 /* WeatherDescription.swift in Sources */ = {isa = PBXBuildFile; fileRef = 9855557423E9C21F00E51BE8 /* WeatherDescription.swift */; };
		9855557923E9C27300E51BE8 /* SunRiseSet.swift in Sources */ = {isa = PBXBuildFile; fileRef = 9855557823E9C27300E51BE8 /* SunRiseSet.swift */; };
		9855558323EAB72A00E51BE8 /* WeatherDetails.swift in Sources */ = {isa = PBXBuildFile; fileRef = 9855558223EAB72A00E51BE8 /* WeatherDetails.swift */; };
		9866815E241FCD5D00039AE7 /* Roboto-Regular.ttf in Resources */ = {isa = PBXBuildFile; fileRef = 98E6179C241FCAE1008B69A5 /* Roboto-Regular.ttf */; };
		986681602423C67100039AE7 /* AppFonts.swift in Sources */ = {isa = PBXBuildFile; fileRef = 9866815F2423C67100039AE7 /* AppFonts.swift */; };
		986681622423C95F00039AE7 /* AppColors.swift in Sources */ = {isa = PBXBuildFile; fileRef = 986681612423C95F00039AE7 /* AppColors.swift */; };
		986681642423CE9E00039AE7 /* Date+Format.swift in Sources */ = {isa = PBXBuildFile; fileRef = 986681632423CE9E00039AE7 /* Date+Format.swift */; };
		986681662423D26300039AE7 /* AppLayout.swift in Sources */ = {isa = PBXBuildFile; fileRef = 986681652423D26300039AE7 /* AppLayout.swift */; };
		986681682423D57800039AE7 /* AppShadows.swift in Sources */ = {isa = PBXBuildFile; fileRef = 986681672423D57800039AE7 /* AppShadows.swift */; };
		986E72E923FE79E000D78BF9 /* APIError.swift in Sources */ = {isa = PBXBuildFile; fileRef = 986E72E823FE79E000D78BF9 /* APIError.swift */; };
		98876EDE24055860001556A5 /* WeatherStore.swift in Sources */ = {isa = PBXBuildFile; fileRef = 98876EDD24055860001556A5 /* WeatherStore.swift */; };
		98876F2C2406945C001556A5 /* CDcurrentWeather+CoreDataProperties.swift in Sources */ = {isa = PBXBuildFile; fileRef = 98876F1E2406945B001556A5 /* CDcurrentWeather+CoreDataProperties.swift */; };
		98876F2D2406945C001556A5 /* CDweatherIcons+CoreDataClass.swift in Sources */ = {isa = PBXBuildFile; fileRef = 98876F1F2406945B001556A5 /* CDweatherIcons+CoreDataClass.swift */; };
		98876F2E2406945C001556A5 /* CDforecastWeather+CoreDataClass.swift in Sources */ = {isa = PBXBuildFile; fileRef = 98876F202406945B001556A5 /* CDforecastWeather+CoreDataClass.swift */; };
		98876F2F2406945C001556A5 /* CDwind+CoreDataProperties.swift in Sources */ = {isa = PBXBuildFile; fileRef = 98876F212406945B001556A5 /* CDwind+CoreDataProperties.swift */; };
		98876F302406945C001556A5 /* CDclouds+CoreDataClass.swift in Sources */ = {isa = PBXBuildFile; fileRef = 98876F222406945B001556A5 /* CDclouds+CoreDataClass.swift */; };
		98876F312406945C001556A5 /* CDweatherTemparatures+CoreDataClass.swift in Sources */ = {isa = PBXBuildFile; fileRef = 98876F232406945B001556A5 /* CDweatherTemparatures+CoreDataClass.swift */; };
		98876F322406945C001556A5 /* CDweatherTemparatures+CoreDataProperties.swift in Sources */ = {isa = PBXBuildFile; fileRef = 98876F242406945B001556A5 /* CDweatherTemparatures+CoreDataProperties.swift */; };
		98876F332406945C001556A5 /* CDwind+CoreDataClass.swift in Sources */ = {isa = PBXBuildFile; fileRef = 98876F252406945B001556A5 /* CDwind+CoreDataClass.swift */; };
		98876F342406945C001556A5 /* CDweatherIcons+CoreDataProperties.swift in Sources */ = {isa = PBXBuildFile; fileRef = 98876F262406945B001556A5 /* CDweatherIcons+CoreDataProperties.swift */; };
		98876F352406945C001556A5 /* CDcurrentWeather+CoreDataClass.swift in Sources */ = {isa = PBXBuildFile; fileRef = 98876F272406945B001556A5 /* CDcurrentWeather+CoreDataClass.swift */; };
		98876F362406945C001556A5 /* CDclouds+CoreDataProperties.swift in Sources */ = {isa = PBXBuildFile; fileRef = 98876F282406945B001556A5 /* CDclouds+CoreDataProperties.swift */; };
		98876F372406945C001556A5 /* CDtimeUTC+CoreDataClass.swift in Sources */ = {isa = PBXBuildFile; fileRef = 98876F292406945B001556A5 /* CDtimeUTC+CoreDataClass.swift */; };
		98876F382406945C001556A5 /* CDforecastWeather+CoreDataProperties.swift in Sources */ = {isa = PBXBuildFile; fileRef = 98876F2A2406945C001556A5 /* CDforecastWeather+CoreDataProperties.swift */; };
		98876F392406945C001556A5 /* CDtimeUTC+CoreDataProperties.swift in Sources */ = {isa = PBXBuildFile; fileRef = 98876F2B2406945C001556A5 /* CDtimeUTC+CoreDataProperties.swift */; };
		98876F3C24094F11001556A5 /* FetchedResultsControllerEntityObserver.swift in Sources */ = {isa = PBXBuildFile; fileRef = 98876F3B24094F11001556A5 /* FetchedResultsControllerEntityObserver.swift */; };
		98876F3E24094F48001556A5 /* NSManagedObjectContext+Rx.swift in Sources */ = {isa = PBXBuildFile; fileRef = 98876F3D24094F48001556A5 /* NSManagedObjectContext+Rx.swift */; };
		98944A9623E962E500D41268 /* AppDelegate.swift in Sources */ = {isa = PBXBuildFile; fileRef = 98944A9523E962E500D41268 /* AppDelegate.swift */; };
		98944A9823E962E500D41268 /* SceneDelegate.swift in Sources */ = {isa = PBXBuildFile; fileRef = 98944A9723E962E500D41268 /* SceneDelegate.swift */; };
		98944A9A23E962E500D41268 /* WeatherViewController.swift in Sources */ = {isa = PBXBuildFile; fileRef = 98944A9923E962E500D41268 /* WeatherViewController.swift */; };
		98944A9F23E962E600D41268 /* Assets.xcassets in Resources */ = {isa = PBXBuildFile; fileRef = 98944A9E23E962E600D41268 /* Assets.xcassets */; };
		98944AA223E962E600D41268 /* LaunchScreen.storyboard in Resources */ = {isa = PBXBuildFile; fileRef = 98944AA023E962E600D41268 /* LaunchScreen.storyboard */; };
		98944AAA23E9777D00D41268 /* URL+WithQueries.swift in Sources */ = {isa = PBXBuildFile; fileRef = 98944AA923E9777D00D41268 /* URL+WithQueries.swift */; };
		98B32A262405495D00958CB7 /* CoreDataStack.swift in Sources */ = {isa = PBXBuildFile; fileRef = 98B32A252405495D00958CB7 /* CoreDataStack.swift */; };
		98B32A2924054F5B00958CB7 /* WeatherApp.xcdatamodeld in Sources */ = {isa = PBXBuildFile; fileRef = 98B32A2724054F5B00958CB7 /* WeatherApp.xcdatamodeld */; };
		98BD4F42241A274500AAC6F3 /* UIStackView+Layout.swift in Sources */ = {isa = PBXBuildFile; fileRef = 98BD4F41241A274500AAC6F3 /* UIStackView+Layout.swift */; };
		98BD4F44241A2D9900AAC6F3 /* UILabel+NewLine.swift in Sources */ = {isa = PBXBuildFile; fileRef = 98BD4F43241A2D9900AAC6F3 /* UILabel+NewLine.swift */; };
		98BD4F46241A365B00AAC6F3 /* Date+Adding.swift in Sources */ = {isa = PBXBuildFile; fileRef = 98BD4F45241A365B00AAC6F3 /* Date+Adding.swift */; };
		98C9E6B423ED5B0C00EBD1CC /* WeatherCustomCell.swift in Sources */ = {isa = PBXBuildFile; fileRef = 98C9E6B223ED5B0C00EBD1CC /* WeatherCustomCell.swift */; };
		98D97F8423FEB53F00868EC0 /* Pods_WeatherApp.framework in Embed Frameworks */ = {isa = PBXBuildFile; fileRef = 8AC5E4DD92966B1899A4BD04 /* Pods_WeatherApp.framework */; settings = {ATTRIBUTES = (CodeSignOnCopy, RemoveHeadersOnCopy, ); }; };
		98E0115E23FBCB8A00A0C1F6 /* ForecastWeatherViewModel.swift in Sources */ = {isa = PBXBuildFile; fileRef = 98E0115D23FBCB8A00A0C1F6 /* ForecastWeatherViewModel.swift */; };
		98E0116023FBD0E500A0C1F6 /* ListForecastWeather.swift in Sources */ = {isa = PBXBuildFile; fileRef = 98E0115F23FBD0E500A0C1F6 /* ListForecastWeather.swift */; };
		98E0116223FBD1CB00A0C1F6 /* Rain.swift in Sources */ = {isa = PBXBuildFile; fileRef = 98E0116123FBD1CB00A0C1F6 /* Rain.swift */; };
		98E609A023FA127600A73357 /* DetailsWeatherViewController.swift in Sources */ = {isa = PBXBuildFile; fileRef = 98E6099F23FA127600A73357 /* DetailsWeatherViewController.swift */; };
		98EE880123EDAE6500234F1E /* Coordinates.swift in Sources */ = {isa = PBXBuildFile; fileRef = 98EE880023EDAE6500234F1E /* Coordinates.swift */; };
		98EE880323EDB2EB00234F1E /* Wind.swift in Sources */ = {isa = PBXBuildFile; fileRef = 98EE880223EDB2EB00234F1E /* Wind.swift */; };
		98EE880523EDB35300234F1E /* Clouds.swift in Sources */ = {isa = PBXBuildFile; fileRef = 98EE880423EDB35300234F1E /* Clouds.swift */; };
		98EE880C23F151B300234F1E /* CurrentWeatherViewModel.swift in Sources */ = {isa = PBXBuildFile; fileRef = 98EE880B23F151B300234F1E /* CurrentWeatherViewModel.swift */; };
		98EE880E23F1560C00234F1E /* CityListPresenter.swift in Sources */ = {isa = PBXBuildFile; fileRef = 98EE880D23F1560C00234F1E /* CityListPresenter.swift */; };
		98EE881023F1569400234F1E /* WeatherUseCase.swift in Sources */ = {isa = PBXBuildFile; fileRef = 98EE880F23F1569400234F1E /* WeatherUseCase.swift */; };
		98EE881223F1578B00234F1E /* WeatherDataRepository.swift in Sources */ = {isa = PBXBuildFile; fileRef = 98EE881123F1578B00234F1E /* WeatherDataRepository.swift */; };
		98EE881623F18D1500234F1E /* AppDependencies.swift in Sources */ = {isa = PBXBuildFile; fileRef = 98EE881523F18D1500234F1E /* AppDependencies.swift */; };
		98EE881823F18E0000234F1E /* APIConstants.swift in Sources */ = {isa = PBXBuildFile; fileRef = 98EE881723F18E0000234F1E /* APIConstants.swift */; };
/* End PBXBuildFile section */

/* Begin PBXCopyFilesBuildPhase section */
		98D97F8523FEB53F00868EC0 /* Embed Frameworks */ = {
			isa = PBXCopyFilesBuildPhase;
			buildActionMask = 12;
			dstPath = "";
			dstSubfolderSpec = 10;
			files = (
				98D97F8423FEB53F00868EC0 /* Pods_WeatherApp.framework in Embed Frameworks */,
			);
			name = "Embed Frameworks";
			runOnlyForDeploymentPostprocessing = 0;
		};
/* End PBXCopyFilesBuildPhase section */

/* Begin PBXFileReference section */
		02767A6EB5F00FDF0073FF49 /* Pods-WeatherApp.debug.xcconfig */ = {isa = PBXFileReference; includeInIndex = 1; lastKnownFileType = text.xcconfig; name = "Pods-WeatherApp.debug.xcconfig"; path = "Target Support Files/Pods-WeatherApp/Pods-WeatherApp.debug.xcconfig"; sourceTree = "<group>"; };
		0802D5E1429BFD5A7F64B717 /* Pods_WeatherApp.framework */ = {isa = PBXFileReference; explicitFileType = wrapper.framework; includeInIndex = 0; path = Pods_WeatherApp.framework; sourceTree = BUILT_PRODUCTS_DIR; };
		8AC5E4DD92966B1899A4BD04 /* Pods_WeatherApp.framework */ = {isa = PBXFileReference; explicitFileType = wrapper.framework; includeInIndex = 0; path = Pods_WeatherApp.framework; sourceTree = BUILT_PRODUCTS_DIR; };
		9809555923F6FC9F0045DB94 /* ForecastWeather.swift */ = {isa = PBXFileReference; lastKnownFileType = sourcecode.swift; path = ForecastWeather.swift; sourceTree = "<group>"; };
		980D061C23EC116100F3F1B7 /* NavigationService.swift */ = {isa = PBXFileReference; lastKnownFileType = sourcecode.swift; path = NavigationService.swift; sourceTree = "<group>"; };
		9819461B23FC27C300BACC4B /* CustomDateAndTime.swift */ = {isa = PBXFileReference; lastKnownFileType = sourcecode.swift; path = CustomDateAndTime.swift; sourceTree = "<group>"; };
		9819461D23FD2A8F00BACC4B /* Array+Extension.swift */ = {isa = PBXFileReference; lastKnownFileType = sourcecode.swift; path = "Array+Extension.swift"; sourceTree = "<group>"; };
		9819461F23FD2EE500BACC4B /* AppStrings.swift */ = {isa = PBXFileReference; lastKnownFileType = sourcecode.swift; path = AppStrings.swift; sourceTree = "<group>"; };
		981A6A63240EA83500A2C9E5 /* WeatherViewModel.swift */ = {isa = PBXFileReference; lastKnownFileType = sourcecode.swift; path = WeatherViewModel.swift; sourceTree = "<group>"; };
		981A6A65240FAC6900A2C9E5 /* SectionOfWeather.swift */ = {isa = PBXFileReference; lastKnownFileType = sourcecode.swift; path = SectionOfWeather.swift; sourceTree = "<group>"; };
		981A6A672411402100A2C9E5 /* WeatherViewController+Design.swift */ = {isa = PBXFileReference; lastKnownFileType = sourcecode.swift; path = "WeatherViewController+Design.swift"; sourceTree = "<group>"; };
		981A6A692411503400A2C9E5 /* WeatherCustomCell+Design.swift */ = {isa = PBXFileReference; lastKnownFileType = sourcecode.swift; path = "WeatherCustomCell+Design.swift"; sourceTree = "<group>"; };
		981A6A6B24123FA800A2C9E5 /* UIView+Layout.swift */ = {isa = PBXFileReference; lastKnownFileType = sourcecode.swift; path = "UIView+Layout.swift"; sourceTree = "<group>"; };
		981A6A6D2412449F00A2C9E5 /* UITableView+ReusableCell.swift */ = {isa = PBXFileReference; lastKnownFileType = sourcecode.swift; path = "UITableView+ReusableCell.swift"; sourceTree = "<group>"; };
		981A6A702417891000A2C9E5 /* DetailsWeatherViewController+Design.swift */ = {isa = PBXFileReference; lastKnownFileType = sourcecode.swift; path = "DetailsWeatherViewController+Design.swift"; sourceTree = "<group>"; };
		9855557023E97CCD00E51BE8 /* CurrentWeatherAPI.swift */ = {isa = PBXFileReference; lastKnownFileType = sourcecode.swift; path = CurrentWeatherAPI.swift; sourceTree = "<group>"; };
		9855557223E9981400E51BE8 /* CurrentWeather.swift */ = {isa = PBXFileReference; lastKnownFileType = sourcecode.swift; path = CurrentWeather.swift; sourceTree = "<group>"; };
		9855557423E9C21F00E51BE8 /* WeatherDescription.swift */ = {isa = PBXFileReference; lastKnownFileType = sourcecode.swift; path = WeatherDescription.swift; sourceTree = "<group>"; };
		9855557823E9C27300E51BE8 /* SunRiseSet.swift */ = {isa = PBXFileReference; lastKnownFileType = sourcecode.swift; path = SunRiseSet.swift; sourceTree = "<group>"; };
		9855558223EAB72A00E51BE8 /* WeatherDetails.swift */ = {isa = PBXFileReference; fileEncoding = 4; lastKnownFileType = sourcecode.swift; path = WeatherDetails.swift; sourceTree = "<group>"; };
		9866815F2423C67100039AE7 /* AppFonts.swift */ = {isa = PBXFileReference; lastKnownFileType = sourcecode.swift; path = AppFonts.swift; sourceTree = "<group>"; };
		986681612423C95F00039AE7 /* AppColors.swift */ = {isa = PBXFileReference; lastKnownFileType = sourcecode.swift; path = AppColors.swift; sourceTree = "<group>"; };
		986681632423CE9E00039AE7 /* Date+Format.swift */ = {isa = PBXFileReference; lastKnownFileType = sourcecode.swift; path = "Date+Format.swift"; sourceTree = "<group>"; };
		986681652423D26300039AE7 /* AppLayout.swift */ = {isa = PBXFileReference; lastKnownFileType = sourcecode.swift; path = AppLayout.swift; sourceTree = "<group>"; };
		986681672423D57800039AE7 /* AppShadows.swift */ = {isa = PBXFileReference; lastKnownFileType = sourcecode.swift; path = AppShadows.swift; sourceTree = "<group>"; };
		986E72E823FE79E000D78BF9 /* APIError.swift */ = {isa = PBXFileReference; lastKnownFileType = sourcecode.swift; path = APIError.swift; sourceTree = "<group>"; };
		986E72ED23FE82B700D78BF9 /* RxSwift.framework */ = {isa = PBXFileReference; explicitFileType = wrapper.framework; path = RxSwift.framework; sourceTree = BUILT_PRODUCTS_DIR; };
		986E72F023FE839F00D78BF9 /* RxSwift.framework */ = {isa = PBXFileReference; explicitFileType = wrapper.framework; path = RxSwift.framework; sourceTree = BUILT_PRODUCTS_DIR; };
		986E72F323FE83A500D78BF9 /* RxCocoa.framework */ = {isa = PBXFileReference; explicitFileType = wrapper.framework; path = RxCocoa.framework; sourceTree = BUILT_PRODUCTS_DIR; };
		986E72F623FE83AE00D78BF9 /* RxRelay.framework */ = {isa = PBXFileReference; explicitFileType = wrapper.framework; path = RxRelay.framework; sourceTree = BUILT_PRODUCTS_DIR; };
		98876EDD24055860001556A5 /* WeatherStore.swift */ = {isa = PBXFileReference; lastKnownFileType = sourcecode.swift; path = WeatherStore.swift; sourceTree = "<group>"; };
		98876F1E2406945B001556A5 /* CDcurrentWeather+CoreDataProperties.swift */ = {isa = PBXFileReference; fileEncoding = 4; lastKnownFileType = sourcecode.swift; path = "CDcurrentWeather+CoreDataProperties.swift"; sourceTree = "<group>"; };
		98876F1F2406945B001556A5 /* CDweatherIcons+CoreDataClass.swift */ = {isa = PBXFileReference; fileEncoding = 4; lastKnownFileType = sourcecode.swift; path = "CDweatherIcons+CoreDataClass.swift"; sourceTree = "<group>"; };
		98876F202406945B001556A5 /* CDforecastWeather+CoreDataClass.swift */ = {isa = PBXFileReference; fileEncoding = 4; lastKnownFileType = sourcecode.swift; path = "CDforecastWeather+CoreDataClass.swift"; sourceTree = "<group>"; };
		98876F212406945B001556A5 /* CDwind+CoreDataProperties.swift */ = {isa = PBXFileReference; fileEncoding = 4; lastKnownFileType = sourcecode.swift; path = "CDwind+CoreDataProperties.swift"; sourceTree = "<group>"; };
		98876F222406945B001556A5 /* CDclouds+CoreDataClass.swift */ = {isa = PBXFileReference; fileEncoding = 4; lastKnownFileType = sourcecode.swift; path = "CDclouds+CoreDataClass.swift"; sourceTree = "<group>"; };
		98876F232406945B001556A5 /* CDweatherTemparatures+CoreDataClass.swift */ = {isa = PBXFileReference; fileEncoding = 4; lastKnownFileType = sourcecode.swift; path = "CDweatherTemparatures+CoreDataClass.swift"; sourceTree = "<group>"; };
		98876F242406945B001556A5 /* CDweatherTemparatures+CoreDataProperties.swift */ = {isa = PBXFileReference; fileEncoding = 4; lastKnownFileType = sourcecode.swift; path = "CDweatherTemparatures+CoreDataProperties.swift"; sourceTree = "<group>"; };
		98876F252406945B001556A5 /* CDwind+CoreDataClass.swift */ = {isa = PBXFileReference; fileEncoding = 4; lastKnownFileType = sourcecode.swift; path = "CDwind+CoreDataClass.swift"; sourceTree = "<group>"; };
		98876F262406945B001556A5 /* CDweatherIcons+CoreDataProperties.swift */ = {isa = PBXFileReference; fileEncoding = 4; lastKnownFileType = sourcecode.swift; path = "CDweatherIcons+CoreDataProperties.swift"; sourceTree = "<group>"; };
		98876F272406945B001556A5 /* CDcurrentWeather+CoreDataClass.swift */ = {isa = PBXFileReference; fileEncoding = 4; lastKnownFileType = sourcecode.swift; path = "CDcurrentWeather+CoreDataClass.swift"; sourceTree = "<group>"; };
		98876F282406945B001556A5 /* CDclouds+CoreDataProperties.swift */ = {isa = PBXFileReference; fileEncoding = 4; lastKnownFileType = sourcecode.swift; path = "CDclouds+CoreDataProperties.swift"; sourceTree = "<group>"; };
		98876F292406945B001556A5 /* CDtimeUTC+CoreDataClass.swift */ = {isa = PBXFileReference; fileEncoding = 4; lastKnownFileType = sourcecode.swift; path = "CDtimeUTC+CoreDataClass.swift"; sourceTree = "<group>"; };
		98876F2A2406945C001556A5 /* CDforecastWeather+CoreDataProperties.swift */ = {isa = PBXFileReference; fileEncoding = 4; lastKnownFileType = sourcecode.swift; path = "CDforecastWeather+CoreDataProperties.swift"; sourceTree = "<group>"; };
		98876F2B2406945C001556A5 /* CDtimeUTC+CoreDataProperties.swift */ = {isa = PBXFileReference; fileEncoding = 4; lastKnownFileType = sourcecode.swift; path = "CDtimeUTC+CoreDataProperties.swift"; sourceTree = "<group>"; };
		98876F3B24094F11001556A5 /* FetchedResultsControllerEntityObserver.swift */ = {isa = PBXFileReference; lastKnownFileType = sourcecode.swift; path = FetchedResultsControllerEntityObserver.swift; sourceTree = "<group>"; };
		98876F3D24094F48001556A5 /* NSManagedObjectContext+Rx.swift */ = {isa = PBXFileReference; lastKnownFileType = sourcecode.swift; path = "NSManagedObjectContext+Rx.swift"; sourceTree = "<group>"; };
		98944A9223E962E500D41268 /* WeatherApp.app */ = {isa = PBXFileReference; explicitFileType = wrapper.application; includeInIndex = 0; path = WeatherApp.app; sourceTree = BUILT_PRODUCTS_DIR; };
		98944A9523E962E500D41268 /* AppDelegate.swift */ = {isa = PBXFileReference; lastKnownFileType = sourcecode.swift; path = AppDelegate.swift; sourceTree = "<group>"; };
		98944A9723E962E500D41268 /* SceneDelegate.swift */ = {isa = PBXFileReference; lastKnownFileType = sourcecode.swift; path = SceneDelegate.swift; sourceTree = "<group>"; };
		98944A9923E962E500D41268 /* WeatherViewController.swift */ = {isa = PBXFileReference; lastKnownFileType = sourcecode.swift; path = WeatherViewController.swift; sourceTree = "<group>"; };
		98944A9E23E962E600D41268 /* Assets.xcassets */ = {isa = PBXFileReference; lastKnownFileType = folder.assetcatalog; path = Assets.xcassets; sourceTree = "<group>"; };
		98944AA123E962E600D41268 /* Base */ = {isa = PBXFileReference; lastKnownFileType = file.storyboard; name = Base; path = Base.lproj/LaunchScreen.storyboard; sourceTree = "<group>"; };
		98944AA323E962E600D41268 /* Info.plist */ = {isa = PBXFileReference; lastKnownFileType = text.plist.xml; path = Info.plist; sourceTree = "<group>"; };
		98944AA923E9777D00D41268 /* URL+WithQueries.swift */ = {isa = PBXFileReference; lastKnownFileType = sourcecode.swift; path = "URL+WithQueries.swift"; sourceTree = "<group>"; };
		98B32A252405495D00958CB7 /* CoreDataStack.swift */ = {isa = PBXFileReference; lastKnownFileType = sourcecode.swift; path = CoreDataStack.swift; sourceTree = "<group>"; };
		98B32A2824054F5B00958CB7 /* WeatherApp.xcdatamodel */ = {isa = PBXFileReference; lastKnownFileType = wrapper.xcdatamodel; path = WeatherApp.xcdatamodel; sourceTree = "<group>"; };
		98BD4F41241A274500AAC6F3 /* UIStackView+Layout.swift */ = {isa = PBXFileReference; lastKnownFileType = sourcecode.swift; path = "UIStackView+Layout.swift"; sourceTree = "<group>"; };
		98BD4F43241A2D9900AAC6F3 /* UILabel+NewLine.swift */ = {isa = PBXFileReference; lastKnownFileType = sourcecode.swift; path = "UILabel+NewLine.swift"; sourceTree = "<group>"; };
		98BD4F45241A365B00AAC6F3 /* Date+Adding.swift */ = {isa = PBXFileReference; lastKnownFileType = sourcecode.swift; path = "Date+Adding.swift"; sourceTree = "<group>"; };
		98C9E6B223ED5B0C00EBD1CC /* WeatherCustomCell.swift */ = {isa = PBXFileReference; lastKnownFileType = sourcecode.swift; path = WeatherCustomCell.swift; sourceTree = "<group>"; };
		98D97F7723FEB4F300868EC0 /* Kingfisher.framework */ = {isa = PBXFileReference; explicitFileType = wrapper.framework; path = Kingfisher.framework; sourceTree = BUILT_PRODUCTS_DIR; };
		98D97F7B23FEB50900868EC0 /* Kingfisher.framework */ = {isa = PBXFileReference; explicitFileType = wrapper.framework; path = Kingfisher.framework; sourceTree = BUILT_PRODUCTS_DIR; };
		98D97F7F23FEB51600868EC0 /* Kingfisher.framework */ = {isa = PBXFileReference; explicitFileType = wrapper.framework; path = Kingfisher.framework; sourceTree = BUILT_PRODUCTS_DIR; };
		98D97F8623FEB65400868EC0 /* Kingfisher.framework */ = {isa = PBXFileReference; explicitFileType = wrapper.framework; path = Kingfisher.framework; sourceTree = BUILT_PRODUCTS_DIR; };
		98D97F8823FEB6FD00868EC0 /* Accelerate.framework */ = {isa = PBXFileReference; lastKnownFileType = wrapper.framework; name = Accelerate.framework; path = System/Library/Frameworks/Accelerate.framework; sourceTree = SDKROOT; };
		98D97F8A23FEB81500868EC0 /* Kingfisher.framework */ = {isa = PBXFileReference; explicitFileType = wrapper.framework; path = Kingfisher.framework; sourceTree = BUILT_PRODUCTS_DIR; };
		98E0115D23FBCB8A00A0C1F6 /* ForecastWeatherViewModel.swift */ = {isa = PBXFileReference; lastKnownFileType = sourcecode.swift; path = ForecastWeatherViewModel.swift; sourceTree = "<group>"; };
		98E0115F23FBD0E500A0C1F6 /* ListForecastWeather.swift */ = {isa = PBXFileReference; lastKnownFileType = sourcecode.swift; path = ListForecastWeather.swift; sourceTree = "<group>"; };
		98E0116123FBD1CB00A0C1F6 /* Rain.swift */ = {isa = PBXFileReference; lastKnownFileType = sourcecode.swift; path = Rain.swift; sourceTree = "<group>"; };
		98E6099F23FA127600A73357 /* DetailsWeatherViewController.swift */ = {isa = PBXFileReference; lastKnownFileType = sourcecode.swift; path = DetailsWeatherViewController.swift; sourceTree = "<group>"; };
		98E6179C241FCAE1008B69A5 /* Roboto-Regular.ttf */ = {isa = PBXFileReference; lastKnownFileType = file; path = "Roboto-Regular.ttf"; sourceTree = "<group>"; };
		98EE880023EDAE6500234F1E /* Coordinates.swift */ = {isa = PBXFileReference; lastKnownFileType = sourcecode.swift; path = Coordinates.swift; sourceTree = "<group>"; };
		98EE880223EDB2EB00234F1E /* Wind.swift */ = {isa = PBXFileReference; lastKnownFileType = sourcecode.swift; path = Wind.swift; sourceTree = "<group>"; };
		98EE880423EDB35300234F1E /* Clouds.swift */ = {isa = PBXFileReference; lastKnownFileType = sourcecode.swift; path = Clouds.swift; sourceTree = "<group>"; };
		98EE880B23F151B300234F1E /* CurrentWeatherViewModel.swift */ = {isa = PBXFileReference; lastKnownFileType = sourcecode.swift; path = CurrentWeatherViewModel.swift; sourceTree = "<group>"; };
		98EE880D23F1560C00234F1E /* CityListPresenter.swift */ = {isa = PBXFileReference; lastKnownFileType = sourcecode.swift; path = CityListPresenter.swift; sourceTree = "<group>"; };
		98EE880F23F1569400234F1E /* WeatherUseCase.swift */ = {isa = PBXFileReference; lastKnownFileType = sourcecode.swift; path = WeatherUseCase.swift; sourceTree = "<group>"; };
		98EE881123F1578B00234F1E /* WeatherDataRepository.swift */ = {isa = PBXFileReference; lastKnownFileType = sourcecode.swift; path = WeatherDataRepository.swift; sourceTree = "<group>"; };
		98EE881523F18D1500234F1E /* AppDependencies.swift */ = {isa = PBXFileReference; lastKnownFileType = sourcecode.swift; path = AppDependencies.swift; sourceTree = "<group>"; };
		98EE881723F18E0000234F1E /* APIConstants.swift */ = {isa = PBXFileReference; lastKnownFileType = sourcecode.swift; path = APIConstants.swift; sourceTree = "<group>"; };
		BA3AC8D0E4268407FF4734DA /* Pods-WeatherApp.release.xcconfig */ = {isa = PBXFileReference; includeInIndex = 1; lastKnownFileType = text.xcconfig; name = "Pods-WeatherApp.release.xcconfig"; path = "Target Support Files/Pods-WeatherApp/Pods-WeatherApp.release.xcconfig"; sourceTree = "<group>"; };
/* End PBXFileReference section */

/* Begin PBXFrameworksBuildPhase section */
		98944A8F23E962E500D41268 /* Frameworks */ = {
			isa = PBXFrameworksBuildPhase;
			buildActionMask = 2147483647;
			files = (
				7DC2B5A78F6A5743ACD47C85 /* Pods_WeatherApp.framework in Frameworks */,
			);
			runOnlyForDeploymentPostprocessing = 0;
		};
/* End PBXFrameworksBuildPhase section */

/* Begin PBXGroup section */
		843B9E94A807BFD4C1CF3683 /* Frameworks */ = {
			isa = PBXGroup;
			children = (
				98D97F8A23FEB81500868EC0 /* Kingfisher.framework */,
				98D97F8823FEB6FD00868EC0 /* Accelerate.framework */,
				98D97F8623FEB65400868EC0 /* Kingfisher.framework */,
				98D97F7F23FEB51600868EC0 /* Kingfisher.framework */,
				98D97F7B23FEB50900868EC0 /* Kingfisher.framework */,
				98D97F7723FEB4F300868EC0 /* Kingfisher.framework */,
				986E72F623FE83AE00D78BF9 /* RxRelay.framework */,
				986E72F323FE83A500D78BF9 /* RxCocoa.framework */,
				986E72F023FE839F00D78BF9 /* RxSwift.framework */,
				986E72ED23FE82B700D78BF9 /* RxSwift.framework */,
				0802D5E1429BFD5A7F64B717 /* Pods_WeatherApp.framework */,
			);
			name = Frameworks;
			sourceTree = "<group>";
		};
		981A6A6F241259E900A2C9E5 /* RxDataSource */ = {
			isa = PBXGroup;
			children = (
				981A6A65240FAC6900A2C9E5 /* SectionOfWeather.swift */,
			);
			path = RxDataSource;
			sourceTree = "<group>";
		};
		9855557A23EAB3EC00E51BE8 /* Features */ = {
			isa = PBXGroup;
			children = (
				98EE880623F14F4A00234F1E /* CityShared */,
				98876F41240AC6B2001556A5 /* CityDetails */,
				9855557B23EAB41A00E51BE8 /* CityList */,
			);
			path = Features;
			sourceTree = "<group>";
		};
		9855557B23EAB41A00E51BE8 /* CityList */ = {
			isa = PBXGroup;
			children = (
				98EE87FD23EDAB5200234F1E /* Data */,
				9855557F23EAB57700E51BE8 /* UserInterface */,
			);
			path = CityList;
			sourceTree = "<group>";
		};
		9855557C23EAB46500E51BE8 /* App */ = {
			isa = PBXGroup;
			children = (
				98876F3F24096838001556A5 /* CoreData */,
				9866815F2423C67100039AE7 /* AppFonts.swift */,
				986681612423C95F00039AE7 /* AppColors.swift */,
				980D061C23EC116100F3F1B7 /* NavigationService.swift */,
				98EE881523F18D1500234F1E /* AppDependencies.swift */,
				98EE881723F18E0000234F1E /* APIConstants.swift */,
				9819461F23FD2EE500BACC4B /* AppStrings.swift */,
				986681652423D26300039AE7 /* AppLayout.swift */,
				986681672423D57800039AE7 /* AppShadows.swift */,
			);
			path = App;
			sourceTree = "<group>";
		};
		9855557E23EAB4F600E51BE8 /* Networking */ = {
			isa = PBXGroup;
			children = (
				9855557023E97CCD00E51BE8 /* CurrentWeatherAPI.swift */,
				986E72E823FE79E000D78BF9 /* APIError.swift */,
			);
			path = Networking;
			sourceTree = "<group>";
		};
		9855557F23EAB57700E51BE8 /* UserInterface */ = {
			isa = PBXGroup;
			children = (
				98EE87FF23EDACD000234F1E /* ViewModels */,
				98C9E6AF23ED59DE00EBD1CC /* Cell */,
				98944A9923E962E500D41268 /* WeatherViewController.swift */,
				981A6A672411402100A2C9E5 /* WeatherViewController+Design.swift */,
			);
			path = UserInterface;
			sourceTree = "<group>";
		};
		9855558423EAB74800E51BE8 /* Models */ = {
			isa = PBXGroup;
			children = (
				98EE880023EDAE6500234F1E /* Coordinates.swift */,
				9855557423E9C21F00E51BE8 /* WeatherDescription.swift */,
				9855557223E9981400E51BE8 /* CurrentWeather.swift */,
				9809555923F6FC9F0045DB94 /* ForecastWeather.swift */,
				9855558223EAB72A00E51BE8 /* WeatherDetails.swift */,
				98E0115F23FBD0E500A0C1F6 /* ListForecastWeather.swift */,
			);
			path = Models;
			sourceTree = "<group>";
		};
		9855558523EAB7A700E51BE8 /* Core */ = {
			isa = PBXGroup;
			children = (
				98876F3A24094F01001556A5 /* CoreData */,
				9819461B23FC27C300BACC4B /* CustomDateAndTime.swift */,
				98BD4F41241A274500AAC6F3 /* UIStackView+Layout.swift */,
				98944AA923E9777D00D41268 /* URL+WithQueries.swift */,
				9819461D23FD2A8F00BACC4B /* Array+Extension.swift */,
				981A6A6B24123FA800A2C9E5 /* UIView+Layout.swift */,
				981A6A6D2412449F00A2C9E5 /* UITableView+ReusableCell.swift */,
				98BD4F43241A2D9900AAC6F3 /* UILabel+NewLine.swift */,
				98BD4F45241A365B00AAC6F3 /* Date+Adding.swift */,
				986681632423CE9E00039AE7 /* Date+Format.swift */,
			);
			path = Core;
			sourceTree = "<group>";
		};
		9855558623EAB7EE00E51BE8 /* Main */ = {
			isa = PBXGroup;
			children = (
				98944A9523E962E500D41268 /* AppDelegate.swift */,
				98944A9723E962E500D41268 /* SceneDelegate.swift */,
				98944AA023E962E600D41268 /* LaunchScreen.storyboard */,
				98944A9E23E962E600D41268 /* Assets.xcassets */,
			);
			path = Main;
			sourceTree = "<group>";
		};
		98876EDF240569BB001556A5 /* CoreDataModels */ = {
			isa = PBXGroup;
			children = (
				98876F292406945B001556A5 /* CDtimeUTC+CoreDataClass.swift */,
				98876F2B2406945C001556A5 /* CDtimeUTC+CoreDataProperties.swift */,
				98876F1F2406945B001556A5 /* CDweatherIcons+CoreDataClass.swift */,
				98876F262406945B001556A5 /* CDweatherIcons+CoreDataProperties.swift */,
				98876F202406945B001556A5 /* CDforecastWeather+CoreDataClass.swift */,
				98876F2A2406945C001556A5 /* CDforecastWeather+CoreDataProperties.swift */,
				98876F232406945B001556A5 /* CDweatherTemparatures+CoreDataClass.swift */,
				98876F242406945B001556A5 /* CDweatherTemparatures+CoreDataProperties.swift */,
				98876F222406945B001556A5 /* CDclouds+CoreDataClass.swift */,
				98876F282406945B001556A5 /* CDclouds+CoreDataProperties.swift */,
				98876F252406945B001556A5 /* CDwind+CoreDataClass.swift */,
				98876F212406945B001556A5 /* CDwind+CoreDataProperties.swift */,
				98876F272406945B001556A5 /* CDcurrentWeather+CoreDataClass.swift */,
				98876F1E2406945B001556A5 /* CDcurrentWeather+CoreDataProperties.swift */,
			);
			path = CoreDataModels;
			sourceTree = "<group>";
		};
		98876F3A24094F01001556A5 /* CoreData */ = {
			isa = PBXGroup;
			children = (
				98876F3B24094F11001556A5 /* FetchedResultsControllerEntityObserver.swift */,
				98B32A252405495D00958CB7 /* CoreDataStack.swift */,
				98876F3D24094F48001556A5 /* NSManagedObjectContext+Rx.swift */,
			);
			path = CoreData;
			sourceTree = "<group>";
		};
		98876F3F24096838001556A5 /* CoreData */ = {
			isa = PBXGroup;
			children = (
				98B32A2724054F5B00958CB7 /* WeatherApp.xcdatamodeld */,
			);
			path = CoreData;
			sourceTree = "<group>";
		};
		98876F4024096909001556A5 /* LocalData */ = {
			isa = PBXGroup;
			children = (
				98876EDD24055860001556A5 /* WeatherStore.swift */,
				98876EDF240569BB001556A5 /* CoreDataModels */,
			);
			path = LocalData;
			sourceTree = "<group>";
		};
		98876F41240AC6B2001556A5 /* CityDetails */ = {
			isa = PBXGroup;
			children = (
				98876F47240D136E001556A5 /* Data */,
				98876F44240CF689001556A5 /* UserInterface */,
			);
			path = CityDetails;
			sourceTree = "<group>";
		};
		98876F42240CF5D8001556A5 /* UserInterface */ = {
			isa = PBXGroup;
			children = (
				98876F43240CF5E3001556A5 /* ViewModels */,
				98EE880D23F1560C00234F1E /* CityListPresenter.swift */,
			);
			path = UserInterface;
			sourceTree = "<group>";
		};
		98876F43240CF5E3001556A5 /* ViewModels */ = {
			isa = PBXGroup;
			children = (
				98EE880B23F151B300234F1E /* CurrentWeatherViewModel.swift */,
				981A6A63240EA83500A2C9E5 /* WeatherViewModel.swift */,
			);
			path = ViewModels;
			sourceTree = "<group>";
		};
		98876F44240CF689001556A5 /* UserInterface */ = {
			isa = PBXGroup;
			children = (
				98E6099F23FA127600A73357 /* DetailsWeatherViewController.swift */,
				981A6A702417891000A2C9E5 /* DetailsWeatherViewController+Design.swift */,
			);
			path = UserInterface;
			sourceTree = "<group>";
		};
		98876F47240D136E001556A5 /* Data */ = {
			isa = PBXGroup;
			children = (
				98876F48240D137D001556A5 /* Models */,
			);
			path = Data;
			sourceTree = "<group>";
		};
		98876F48240D137D001556A5 /* Models */ = {
			isa = PBXGroup;
			children = (
				98E0116123FBD1CB00A0C1F6 /* Rain.swift */,
				98EE880223EDB2EB00234F1E /* Wind.swift */,
				98EE880423EDB35300234F1E /* Clouds.swift */,
				9855557823E9C27300E51BE8 /* SunRiseSet.swift */,
			);
			path = Models;
			sourceTree = "<group>";
		};
		98944A8923E962E500D41268 = {
			isa = PBXGroup;
			children = (
				98944A9423E962E500D41268 /* WeatherApp */,
				98944A9323E962E500D41268 /* Products */,
				B57545F43AF7756045DBF126 /* Pods */,
				843B9E94A807BFD4C1CF3683 /* Frameworks */,
				98D97F8D23FEBC3A00868EC0 /* Recovered References */,
			);
			sourceTree = "<group>";
		};
		98944A9323E962E500D41268 /* Products */ = {
			isa = PBXGroup;
			children = (
				98944A9223E962E500D41268 /* WeatherApp.app */,
			);
			name = Products;
			sourceTree = "<group>";
		};
		98944A9423E962E500D41268 /* WeatherApp */ = {
			isa = PBXGroup;
			children = (
				98E6179A241FCAD3008B69A5 /* Resources */,
				9855558623EAB7EE00E51BE8 /* Main */,
				9855558523EAB7A700E51BE8 /* Core */,
				9855557C23EAB46500E51BE8 /* App */,
				9855557A23EAB3EC00E51BE8 /* Features */,
				98944AA323E962E600D41268 /* Info.plist */,
			);
			path = WeatherApp;
			sourceTree = "<group>";
		};
		98C9E6AF23ED59DE00EBD1CC /* Cell */ = {
			isa = PBXGroup;
			children = (
				98C9E6B223ED5B0C00EBD1CC /* WeatherCustomCell.swift */,
				981A6A692411503400A2C9E5 /* WeatherCustomCell+Design.swift */,
			);
			path = Cell;
			sourceTree = "<group>";
		};
		98D97F8D23FEBC3A00868EC0 /* Recovered References */ = {
			isa = PBXGroup;
			children = (
				8AC5E4DD92966B1899A4BD04 /* Pods_WeatherApp.framework */,
			);
			name = "Recovered References";
			sourceTree = "<group>";
		};
		98E6179A241FCAD3008B69A5 /* Resources */ = {
			isa = PBXGroup;
			children = (
				98E6179B241FCAD9008B69A5 /* Fonts */,
			);
			path = Resources;
			sourceTree = "<group>";
		};
		98E6179B241FCAD9008B69A5 /* Fonts */ = {
			isa = PBXGroup;
			children = (
				98E6179C241FCAE1008B69A5 /* Roboto-Regular.ttf */,
			);
			path = Fonts;
			sourceTree = "<group>";
		};
		98EE87FD23EDAB5200234F1E /* Data */ = {
			isa = PBXGroup;
			children = (
				9855558423EAB74800E51BE8 /* Models */,
			);
			path = Data;
			sourceTree = "<group>";
		};
		98EE87FF23EDACD000234F1E /* ViewModels */ = {
			isa = PBXGroup;
			children = (
				98E0115D23FBCB8A00A0C1F6 /* ForecastWeatherViewModel.swift */,
			);
			path = ViewModels;
			sourceTree = "<group>";
		};
		98EE880623F14F4A00234F1E /* CityShared */ = {
			isa = PBXGroup;
			children = (
				98876F42240CF5D8001556A5 /* UserInterface */,
				98EE880923F1505500234F1E /* Data */,
				98EE880723F14F6200234F1E /* Domain */,
				9855557E23EAB4F600E51BE8 /* Networking */,
			);
			path = CityShared;
			sourceTree = "<group>";
		};
		98EE880723F14F6200234F1E /* Domain */ = {
			isa = PBXGroup;
			children = (
				98EE880823F14F6A00234F1E /* WeatherUse */,
			);
			path = Domain;
			sourceTree = "<group>";
		};
		98EE880823F14F6A00234F1E /* WeatherUse */ = {
			isa = PBXGroup;
			children = (
				98EE880F23F1569400234F1E /* WeatherUseCase.swift */,
			);
			path = WeatherUse;
			sourceTree = "<group>";
		};
		98EE880923F1505500234F1E /* Data */ = {
			isa = PBXGroup;
			children = (
				981A6A6F241259E900A2C9E5 /* RxDataSource */,
				98876F4024096909001556A5 /* LocalData */,
				98EE880A23F1505E00234F1E /* Repository */,
			);
			path = Data;
			sourceTree = "<group>";
		};
		98EE880A23F1505E00234F1E /* Repository */ = {
			isa = PBXGroup;
			children = (
				98EE881123F1578B00234F1E /* WeatherDataRepository.swift */,
			);
			path = Repository;
			sourceTree = "<group>";
		};
		B57545F43AF7756045DBF126 /* Pods */ = {
			isa = PBXGroup;
			children = (
				02767A6EB5F00FDF0073FF49 /* Pods-WeatherApp.debug.xcconfig */,
				BA3AC8D0E4268407FF4734DA /* Pods-WeatherApp.release.xcconfig */,
			);
			path = Pods;
			sourceTree = "<group>";
		};
/* End PBXGroup section */

/* Begin PBXNativeTarget section */
		98944A9123E962E500D41268 /* WeatherApp */ = {
			isa = PBXNativeTarget;
			buildConfigurationList = 98944AA623E962E600D41268 /* Build configuration list for PBXNativeTarget "WeatherApp" */;
			buildPhases = (
				18B35E0958E1FB1A55318CA5 /* [CP] Check Pods Manifest.lock */,
				98944A8E23E962E500D41268 /* Sources */,
				98944A8F23E962E500D41268 /* Frameworks */,
				98944A9023E962E500D41268 /* Resources */,
				98D97F8523FEB53F00868EC0 /* Embed Frameworks */,
				69B94F0976B0FC1D75925B2D /* [CP] Embed Pods Frameworks */,
			);
			buildRules = (
			);
			dependencies = (
			);
			name = WeatherApp;
			productName = WeatherApp;
			productReference = 98944A9223E962E500D41268 /* WeatherApp.app */;
			productType = "com.apple.product-type.application";
		};
/* End PBXNativeTarget section */

/* Begin PBXProject section */
		98944A8A23E962E500D41268 /* Project object */ = {
			isa = PBXProject;
			attributes = {
				LastSwiftUpdateCheck = 1130;
				LastUpgradeCheck = 1130;
				ORGANIZATIONNAME = "Ivan Budim";
				TargetAttributes = {
					98944A9123E962E500D41268 = {
						CreatedOnToolsVersion = 11.3.1;
					};
				};
			};
			buildConfigurationList = 98944A8D23E962E500D41268 /* Build configuration list for PBXProject "WeatherApp" */;
			compatibilityVersion = "Xcode 9.3";
			developmentRegion = en;
			hasScannedForEncodings = 0;
			knownRegions = (
				en,
				Base,
			);
			mainGroup = 98944A8923E962E500D41268;
			productRefGroup = 98944A9323E962E500D41268 /* Products */;
			projectDirPath = "";
			projectRoot = "";
			targets = (
				98944A9123E962E500D41268 /* WeatherApp */,
			);
		};
/* End PBXProject section */

/* Begin PBXResourcesBuildPhase section */
		98944A9023E962E500D41268 /* Resources */ = {
			isa = PBXResourcesBuildPhase;
			buildActionMask = 2147483647;
			files = (
				9866815E241FCD5D00039AE7 /* Roboto-Regular.ttf in Resources */,
				98944AA223E962E600D41268 /* LaunchScreen.storyboard in Resources */,
				98944A9F23E962E600D41268 /* Assets.xcassets in Resources */,
			);
			runOnlyForDeploymentPostprocessing = 0;
		};
/* End PBXResourcesBuildPhase section */

/* Begin PBXShellScriptBuildPhase section */
		18B35E0958E1FB1A55318CA5 /* [CP] Check Pods Manifest.lock */ = {
			isa = PBXShellScriptBuildPhase;
			buildActionMask = 2147483647;
			files = (
			);
			inputFileListPaths = (
			);
			inputPaths = (
				"${PODS_PODFILE_DIR_PATH}/Podfile.lock",
				"${PODS_ROOT}/Manifest.lock",
			);
			name = "[CP] Check Pods Manifest.lock";
			outputFileListPaths = (
			);
			outputPaths = (
				"$(DERIVED_FILE_DIR)/Pods-WeatherApp-checkManifestLockResult.txt",
			);
			runOnlyForDeploymentPostprocessing = 0;
			shellPath = /bin/sh;
			shellScript = "diff \"${PODS_PODFILE_DIR_PATH}/Podfile.lock\" \"${PODS_ROOT}/Manifest.lock\" > /dev/null\nif [ $? != 0 ] ; then\n    # print error to STDERR\n    echo \"error: The sandbox is not in sync with the Podfile.lock. Run 'pod install' or update your CocoaPods installation.\" >&2\n    exit 1\nfi\n# This output is used by Xcode 'outputs' to avoid re-running this script phase.\necho \"SUCCESS\" > \"${SCRIPT_OUTPUT_FILE_0}\"\n";
			showEnvVarsInLog = 0;
		};
		69B94F0976B0FC1D75925B2D /* [CP] Embed Pods Frameworks */ = {
			isa = PBXShellScriptBuildPhase;
			buildActionMask = 2147483647;
			files = (
			);
			inputFileListPaths = (
				"${PODS_ROOT}/Target Support Files/Pods-WeatherApp/Pods-WeatherApp-frameworks-${CONFIGURATION}-input-files.xcfilelist",
			);
			name = "[CP] Embed Pods Frameworks";
			outputFileListPaths = (
				"${PODS_ROOT}/Target Support Files/Pods-WeatherApp/Pods-WeatherApp-frameworks-${CONFIGURATION}-output-files.xcfilelist",
			);
			runOnlyForDeploymentPostprocessing = 0;
			shellPath = /bin/sh;
			shellScript = "\"${PODS_ROOT}/Target Support Files/Pods-WeatherApp/Pods-WeatherApp-frameworks.sh\"\n";
			showEnvVarsInLog = 0;
		};
/* End PBXShellScriptBuildPhase section */

/* Begin PBXSourcesBuildPhase section */
		98944A8E23E962E500D41268 /* Sources */ = {
			isa = PBXSourcesBuildPhase;
			buildActionMask = 2147483647;
			files = (
				981A6A712417891000A2C9E5 /* DetailsWeatherViewController+Design.swift in Sources */,
				98EE881223F1578B00234F1E /* WeatherDataRepository.swift in Sources */,
				9819461E23FD2A8F00BACC4B /* Array+Extension.swift in Sources */,
				98876F2F2406945C001556A5 /* CDwind+CoreDataProperties.swift in Sources */,
				9819461C23FC27C300BACC4B /* CustomDateAndTime.swift in Sources */,
				98944AAA23E9777D00D41268 /* URL+WithQueries.swift in Sources */,
				98944A9A23E962E500D41268 /* WeatherViewController.swift in Sources */,
				98EE880C23F151B300234F1E /* CurrentWeatherViewModel.swift in Sources */,
				9855557323E9981400E51BE8 /* CurrentWeather.swift in Sources */,
				986681682423D57800039AE7 /* AppShadows.swift in Sources */,
				98EE880123EDAE6500234F1E /* Coordinates.swift in Sources */,
				98876F302406945C001556A5 /* CDclouds+CoreDataClass.swift in Sources */,
				98876F3C24094F11001556A5 /* FetchedResultsControllerEntityObserver.swift in Sources */,
				981A6A6C24123FA800A2C9E5 /* UIView+Layout.swift in Sources */,
				98876F332406945C001556A5 /* CDwind+CoreDataClass.swift in Sources */,
				98876F352406945C001556A5 /* CDcurrentWeather+CoreDataClass.swift in Sources */,
				98876F392406945C001556A5 /* CDtimeUTC+CoreDataProperties.swift in Sources */,
				986E72E923FE79E000D78BF9 /* APIError.swift in Sources */,
				98944A9623E962E500D41268 /* AppDelegate.swift in Sources */,
				98876EDE24055860001556A5 /* WeatherStore.swift in Sources */,
				986681642423CE9E00039AE7 /* Date+Format.swift in Sources */,
				98BD4F42241A274500AAC6F3 /* UIStackView+Layout.swift in Sources */,
				98876F382406945C001556A5 /* CDforecastWeather+CoreDataProperties.swift in Sources */,
				98E0116023FBD0E500A0C1F6 /* ListForecastWeather.swift in Sources */,
				98BD4F46241A365B00AAC6F3 /* Date+Adding.swift in Sources */,
				98944A9823E962E500D41268 /* SceneDelegate.swift in Sources */,
				98876F342406945C001556A5 /* CDweatherIcons+CoreDataProperties.swift in Sources */,
				98E609A023FA127600A73357 /* DetailsWeatherViewController.swift in Sources */,
				981A6A682411402100A2C9E5 /* WeatherViewController+Design.swift in Sources */,
				98876F2E2406945C001556A5 /* CDforecastWeather+CoreDataClass.swift in Sources */,
				98876F2C2406945C001556A5 /* CDcurrentWeather+CoreDataProperties.swift in Sources */,
				98EE881823F18E0000234F1E /* APIConstants.swift in Sources */,
				98876F372406945C001556A5 /* CDtimeUTC+CoreDataClass.swift in Sources */,
				98876F362406945C001556A5 /* CDclouds+CoreDataProperties.swift in Sources */,
				98876F2D2406945C001556A5 /* CDweatherIcons+CoreDataClass.swift in Sources */,
				986681622423C95F00039AE7 /* AppColors.swift in Sources */,
				98EE881623F18D1500234F1E /* AppDependencies.swift in Sources */,
				98B32A262405495D00958CB7 /* CoreDataStack.swift in Sources */,
				98876F312406945C001556A5 /* CDweatherTemparatures+CoreDataClass.swift in Sources */,
				980D061D23EC116100F3F1B7 /* NavigationService.swift in Sources */,
				981A6A6E2412449F00A2C9E5 /* UITableView+ReusableCell.swift in Sources */,
				9855557123E97CCD00E51BE8 /* CurrentWeatherAPI.swift in Sources */,
				9819462023FD2EE500BACC4B /* AppStrings.swift in Sources */,
				9855557523E9C21F00E51BE8 /* WeatherDescription.swift in Sources */,
				98C9E6B423ED5B0C00EBD1CC /* WeatherCustomCell.swift in Sources */,
				98BD4F44241A2D9900AAC6F3 /* UILabel+NewLine.swift in Sources */,
				98EE881023F1569400234F1E /* WeatherUseCase.swift in Sources */,
				981A6A6A2411503400A2C9E5 /* WeatherCustomCell+Design.swift in Sources */,
				986681602423C67100039AE7 /* AppFonts.swift in Sources */,
				98B32A2924054F5B00958CB7 /* WeatherApp.xcdatamodeld in Sources */,
				9855557923E9C27300E51BE8 /* SunRiseSet.swift in Sources */,
				98876F322406945C001556A5 /* CDweatherTemparatures+CoreDataProperties.swift in Sources */,
				98E0115E23FBCB8A00A0C1F6 /* ForecastWeatherViewModel.swift in Sources */,
				98876F3E24094F48001556A5 /* NSManagedObjectContext+Rx.swift in Sources */,
				986681662423D26300039AE7 /* AppLayout.swift in Sources */,
				98EE880523EDB35300234F1E /* Clouds.swift in Sources */,
				981A6A66240FAC6900A2C9E5 /* SectionOfWeather.swift in Sources */,
				9855558323EAB72A00E51BE8 /* WeatherDetails.swift in Sources */,
				9809555A23F6FC9F0045DB94 /* ForecastWeather.swift in Sources */,
				981A6A64240EA83500A2C9E5 /* WeatherViewModel.swift in Sources */,
				98E0116223FBD1CB00A0C1F6 /* Rain.swift in Sources */,
				98EE880323EDB2EB00234F1E /* Wind.swift in Sources */,
				98EE880E23F1560C00234F1E /* CityListPresenter.swift in Sources */,
			);
			runOnlyForDeploymentPostprocessing = 0;
		};
/* End PBXSourcesBuildPhase section */

/* Begin PBXVariantGroup section */
		98944AA023E962E600D41268 /* LaunchScreen.storyboard */ = {
			isa = PBXVariantGroup;
			children = (
				98944AA123E962E600D41268 /* Base */,
			);
			name = LaunchScreen.storyboard;
			sourceTree = "<group>";
		};
/* End PBXVariantGroup section */

/* Begin XCBuildConfiguration section */
		98944AA423E962E600D41268 /* Debug */ = {
			isa = XCBuildConfiguration;
			buildSettings = {
				ALWAYS_SEARCH_USER_PATHS = NO;
				CLANG_ANALYZER_NONNULL = YES;
				CLANG_ANALYZER_NUMBER_OBJECT_CONVERSION = YES_AGGRESSIVE;
				CLANG_CXX_LANGUAGE_STANDARD = "gnu++14";
				CLANG_CXX_LIBRARY = "libc++";
				CLANG_ENABLE_MODULES = YES;
				CLANG_ENABLE_OBJC_ARC = YES;
				CLANG_ENABLE_OBJC_WEAK = YES;
				CLANG_WARN_BLOCK_CAPTURE_AUTORELEASING = YES;
				CLANG_WARN_BOOL_CONVERSION = YES;
				CLANG_WARN_COMMA = YES;
				CLANG_WARN_CONSTANT_CONVERSION = YES;
				CLANG_WARN_DEPRECATED_OBJC_IMPLEMENTATIONS = YES;
				CLANG_WARN_DIRECT_OBJC_ISA_USAGE = YES_ERROR;
				CLANG_WARN_DOCUMENTATION_COMMENTS = YES;
				CLANG_WARN_EMPTY_BODY = YES;
				CLANG_WARN_ENUM_CONVERSION = YES;
				CLANG_WARN_INFINITE_RECURSION = YES;
				CLANG_WARN_INT_CONVERSION = YES;
				CLANG_WARN_NON_LITERAL_NULL_CONVERSION = YES;
				CLANG_WARN_OBJC_IMPLICIT_RETAIN_SELF = YES;
				CLANG_WARN_OBJC_LITERAL_CONVERSION = YES;
				CLANG_WARN_OBJC_ROOT_CLASS = YES_ERROR;
				CLANG_WARN_RANGE_LOOP_ANALYSIS = YES;
				CLANG_WARN_STRICT_PROTOTYPES = YES;
				CLANG_WARN_SUSPICIOUS_MOVE = YES;
				CLANG_WARN_UNGUARDED_AVAILABILITY = YES_AGGRESSIVE;
				CLANG_WARN_UNREACHABLE_CODE = YES;
				CLANG_WARN__DUPLICATE_METHOD_MATCH = YES;
				COPY_PHASE_STRIP = NO;
				DEBUG_INFORMATION_FORMAT = dwarf;
				ENABLE_STRICT_OBJC_MSGSEND = YES;
				ENABLE_TESTABILITY = YES;
				GCC_C_LANGUAGE_STANDARD = gnu11;
				GCC_DYNAMIC_NO_PIC = NO;
				GCC_NO_COMMON_BLOCKS = YES;
				GCC_OPTIMIZATION_LEVEL = 0;
				GCC_PREPROCESSOR_DEFINITIONS = (
					"DEBUG=1",
					"$(inherited)",
				);
				GCC_WARN_64_TO_32_BIT_CONVERSION = YES;
				GCC_WARN_ABOUT_RETURN_TYPE = YES_ERROR;
				GCC_WARN_UNDECLARED_SELECTOR = YES;
				GCC_WARN_UNINITIALIZED_AUTOS = YES_AGGRESSIVE;
				GCC_WARN_UNUSED_FUNCTION = YES;
				GCC_WARN_UNUSED_VARIABLE = YES;
				IPHONEOS_DEPLOYMENT_TARGET = 13.2;
				MTL_ENABLE_DEBUG_INFO = INCLUDE_SOURCE;
				MTL_FAST_MATH = YES;
				ONLY_ACTIVE_ARCH = YES;
				SDKROOT = iphoneos;
				SWIFT_ACTIVE_COMPILATION_CONDITIONS = DEBUG;
				SWIFT_OPTIMIZATION_LEVEL = "-Onone";
			};
			name = Debug;
		};
		98944AA523E962E600D41268 /* Release */ = {
			isa = XCBuildConfiguration;
			buildSettings = {
				ALWAYS_SEARCH_USER_PATHS = NO;
				CLANG_ANALYZER_NONNULL = YES;
				CLANG_ANALYZER_NUMBER_OBJECT_CONVERSION = YES_AGGRESSIVE;
				CLANG_CXX_LANGUAGE_STANDARD = "gnu++14";
				CLANG_CXX_LIBRARY = "libc++";
				CLANG_ENABLE_MODULES = YES;
				CLANG_ENABLE_OBJC_ARC = YES;
				CLANG_ENABLE_OBJC_WEAK = YES;
				CLANG_WARN_BLOCK_CAPTURE_AUTORELEASING = YES;
				CLANG_WARN_BOOL_CONVERSION = YES;
				CLANG_WARN_COMMA = YES;
				CLANG_WARN_CONSTANT_CONVERSION = YES;
				CLANG_WARN_DEPRECATED_OBJC_IMPLEMENTATIONS = YES;
				CLANG_WARN_DIRECT_OBJC_ISA_USAGE = YES_ERROR;
				CLANG_WARN_DOCUMENTATION_COMMENTS = YES;
				CLANG_WARN_EMPTY_BODY = YES;
				CLANG_WARN_ENUM_CONVERSION = YES;
				CLANG_WARN_INFINITE_RECURSION = YES;
				CLANG_WARN_INT_CONVERSION = YES;
				CLANG_WARN_NON_LITERAL_NULL_CONVERSION = YES;
				CLANG_WARN_OBJC_IMPLICIT_RETAIN_SELF = YES;
				CLANG_WARN_OBJC_LITERAL_CONVERSION = YES;
				CLANG_WARN_OBJC_ROOT_CLASS = YES_ERROR;
				CLANG_WARN_RANGE_LOOP_ANALYSIS = YES;
				CLANG_WARN_STRICT_PROTOTYPES = YES;
				CLANG_WARN_SUSPICIOUS_MOVE = YES;
				CLANG_WARN_UNGUARDED_AVAILABILITY = YES_AGGRESSIVE;
				CLANG_WARN_UNREACHABLE_CODE = YES;
				CLANG_WARN__DUPLICATE_METHOD_MATCH = YES;
				COPY_PHASE_STRIP = NO;
				DEBUG_INFORMATION_FORMAT = "dwarf-with-dsym";
				ENABLE_NS_ASSERTIONS = NO;
				ENABLE_STRICT_OBJC_MSGSEND = YES;
				GCC_C_LANGUAGE_STANDARD = gnu11;
				GCC_NO_COMMON_BLOCKS = YES;
				GCC_WARN_64_TO_32_BIT_CONVERSION = YES;
				GCC_WARN_ABOUT_RETURN_TYPE = YES_ERROR;
				GCC_WARN_UNDECLARED_SELECTOR = YES;
				GCC_WARN_UNINITIALIZED_AUTOS = YES_AGGRESSIVE;
				GCC_WARN_UNUSED_FUNCTION = YES;
				GCC_WARN_UNUSED_VARIABLE = YES;
				IPHONEOS_DEPLOYMENT_TARGET = 13.2;
				MTL_ENABLE_DEBUG_INFO = NO;
				MTL_FAST_MATH = YES;
				SDKROOT = iphoneos;
				SWIFT_COMPILATION_MODE = wholemodule;
				SWIFT_OPTIMIZATION_LEVEL = "-O";
				VALIDATE_PRODUCT = YES;
			};
			name = Release;
		};
		98944AA723E962E600D41268 /* Debug */ = {
			isa = XCBuildConfiguration;
			baseConfigurationReference = 02767A6EB5F00FDF0073FF49 /* Pods-WeatherApp.debug.xcconfig */;
			buildSettings = {
				ASSETCATALOG_COMPILER_APPICON_NAME = AppIcon;
				CODE_SIGN_IDENTITY = "Apple Development";
				CODE_SIGN_STYLE = Automatic;
				DEVELOPMENT_TEAM = 8YTSQZN7XY;
				INFOPLIST_FILE = WeatherApp/Info.plist;
				IPHONEOS_DEPLOYMENT_TARGET = 13.0;
				LD_RUNPATH_SEARCH_PATHS = (
					"$(inherited)",
					"@executable_path/Frameworks",
				);
				PRODUCT_BUNDLE_IDENTIFIER = budimivan.WeatherApp;
				PRODUCT_NAME = "$(TARGET_NAME)";
				PROVISIONING_PROFILE_SPECIFIER = "";
				SWIFT_COMPILATION_MODE = wholemodule;
				SWIFT_VERSION = 5.0;
				TARGETED_DEVICE_FAMILY = "1,2";
			};
			name = Debug;
		};
		98944AA823E962E600D41268 /* Release */ = {
			isa = XCBuildConfiguration;
			baseConfigurationReference = BA3AC8D0E4268407FF4734DA /* Pods-WeatherApp.release.xcconfig */;
			buildSettings = {
				ASSETCATALOG_COMPILER_APPICON_NAME = AppIcon;
				CODE_SIGN_IDENTITY = "Apple Development";
				CODE_SIGN_STYLE = Automatic;
				DEVELOPMENT_TEAM = 8YTSQZN7XY;
				INFOPLIST_FILE = WeatherApp/Info.plist;
				IPHONEOS_DEPLOYMENT_TARGET = 13.0;
				LD_RUNPATH_SEARCH_PATHS = (
					"$(inherited)",
					"@executable_path/Frameworks",
				);
				PRODUCT_BUNDLE_IDENTIFIER = budimivan.WeatherApp;
				PRODUCT_NAME = "$(TARGET_NAME)";
				PROVISIONING_PROFILE_SPECIFIER = "";
				SWIFT_COMPILATION_MODE = wholemodule;
				SWIFT_VERSION = 5.0;
				TARGETED_DEVICE_FAMILY = "1,2";
			};
			name = Release;
		};
/* End XCBuildConfiguration section */

/* Begin XCConfigurationList section */
		98944A8D23E962E500D41268 /* Build configuration list for PBXProject "WeatherApp" */ = {
			isa = XCConfigurationList;
			buildConfigurations = (
				98944AA423E962E600D41268 /* Debug */,
				98944AA523E962E600D41268 /* Release */,
			);
			defaultConfigurationIsVisible = 0;
			defaultConfigurationName = Release;
		};
		98944AA623E962E600D41268 /* Build configuration list for PBXNativeTarget "WeatherApp" */ = {
			isa = XCConfigurationList;
			buildConfigurations = (
				98944AA723E962E600D41268 /* Debug */,
				98944AA823E962E600D41268 /* Release */,
			);
			defaultConfigurationIsVisible = 0;
			defaultConfigurationName = Release;
		};
/* End XCConfigurationList section */

/* Begin XCVersionGroup section */
		98B32A2724054F5B00958CB7 /* WeatherApp.xcdatamodeld */ = {
			isa = XCVersionGroup;
			children = (
				98B32A2824054F5B00958CB7 /* WeatherApp.xcdatamodel */,
			);
			currentVersion = 98B32A2824054F5B00958CB7 /* WeatherApp.xcdatamodel */;
			path = WeatherApp.xcdatamodeld;
			sourceTree = "<group>";
			versionGroupType = wrapper.xcdatamodel;
		};
/* End XCVersionGroup section */
	};
	rootObject = 98944A8A23E962E500D41268 /* Project object */;
}
